// !$*UTF8*$!
{
	archiveVersion = 1;
	classes = {
	};
	objectVersion = 55;
	objects = {

/* Begin PBXBuildFile section */
		6B2D97702816CE430085F4F2 /* AppDelegate.swift in Sources */ = {isa = PBXBuildFile; fileRef = 6B2D976F2816CE430085F4F2 /* AppDelegate.swift */; };
		6B2D97722816CE430085F4F2 /* SceneDelegate.swift in Sources */ = {isa = PBXBuildFile; fileRef = 6B2D97712816CE430085F4F2 /* SceneDelegate.swift */; };
		6B2D97742816CE430085F4F2 /* ViewController.swift in Sources */ = {isa = PBXBuildFile; fileRef = 6B2D97732816CE430085F4F2 /* ViewController.swift */; };
		6B2D97792816CE450085F4F2 /* Assets.xcassets in Resources */ = {isa = PBXBuildFile; fileRef = 6B2D97782816CE450085F4F2 /* Assets.xcassets */; };
		6B2D977C2816CE450085F4F2 /* LaunchScreen.storyboard in Resources */ = {isa = PBXBuildFile; fileRef = 6B2D977A2816CE450085F4F2 /* LaunchScreen.storyboard */; };
		6B2D97852816CF3A0085F4F2 /* CaseOnePresenter.swift in Sources */ = {isa = PBXBuildFile; fileRef = 6B2D97842816CF3A0085F4F2 /* CaseOnePresenter.swift */; };
		6B2D97872816CF430085F4F2 /* CaseOneDelegate.swift in Sources */ = {isa = PBXBuildFile; fileRef = 6B2D97862816CF430085F4F2 /* CaseOneDelegate.swift */; };
		6B2D97892816CF500085F4F2 /* CaseOneViewController.swift in Sources */ = {isa = PBXBuildFile; fileRef = 6B2D97882816CF500085F4F2 /* CaseOneViewController.swift */; };
		6B2D978F2816DACB0085F4F2 /* CaseTwoViewController.swift in Sources */ = {isa = PBXBuildFile; fileRef = 6B2D978E2816DACB0085F4F2 /* CaseTwoViewController.swift */; };
		6B2D97912816DB2D0085F4F2 /* CaseTwoPresenter.swift in Sources */ = {isa = PBXBuildFile; fileRef = 6B2D97902816DB2D0085F4F2 /* CaseTwoPresenter.swift */; };
		6B2D97942816E1570085F4F2 /* CaseThreeViewController.swift in Sources */ = {isa = PBXBuildFile; fileRef = 6B2D97932816E1570085F4F2 /* CaseThreeViewController.swift */; };
		6B2D97962816E1E90085F4F2 /* ImagePicker.swift in Sources */ = {isa = PBXBuildFile; fileRef = 6B2D97952816E1E90085F4F2 /* ImagePicker.swift */; };
		6B2D979F2816E9E60085F4F2 /* RetainCyclesTests.swift in Sources */ = {isa = PBXBuildFile; fileRef = 6B2D979E2816E9E60085F4F2 /* RetainCyclesTests.swift */; };
/* End PBXBuildFile section */

/* Begin PBXContainerItemProxy section */
		6B2D97A02816E9E60085F4F2 /* PBXContainerItemProxy */ = {
			isa = PBXContainerItemProxy;
			containerPortal = 6B2D97642816CE430085F4F2 /* Project object */;
			proxyType = 1;
			remoteGlobalIDString = 6B2D976B2816CE430085F4F2;
			remoteInfo = RetainCycles;
		};
/* End PBXContainerItemProxy section */

/* Begin PBXFileReference section */
		6B2D976C2816CE430085F4F2 /* RetainCycles.app */ = {isa = PBXFileReference; explicitFileType = wrapper.application; includeInIndex = 0; path = RetainCycles.app; sourceTree = BUILT_PRODUCTS_DIR; };
		6B2D976F2816CE430085F4F2 /* AppDelegate.swift */ = {isa = PBXFileReference; lastKnownFileType = sourcecode.swift; path = AppDelegate.swift; sourceTree = "<group>"; };
		6B2D97712816CE430085F4F2 /* SceneDelegate.swift */ = {isa = PBXFileReference; lastKnownFileType = sourcecode.swift; path = SceneDelegate.swift; sourceTree = "<group>"; };
		6B2D97732816CE430085F4F2 /* ViewController.swift */ = {isa = PBXFileReference; lastKnownFileType = sourcecode.swift; path = ViewController.swift; sourceTree = "<group>"; };
		6B2D97782816CE450085F4F2 /* Assets.xcassets */ = {isa = PBXFileReference; lastKnownFileType = folder.assetcatalog; path = Assets.xcassets; sourceTree = "<group>"; };
		6B2D977B2816CE450085F4F2 /* Base */ = {isa = PBXFileReference; lastKnownFileType = file.storyboard; name = Base; path = Base.lproj/LaunchScreen.storyboard; sourceTree = "<group>"; };
		6B2D977D2816CE450085F4F2 /* Info.plist */ = {isa = PBXFileReference; lastKnownFileType = text.plist.xml; path = Info.plist; sourceTree = "<group>"; };
		6B2D97842816CF3A0085F4F2 /* CaseOnePresenter.swift */ = {isa = PBXFileReference; lastKnownFileType = sourcecode.swift; path = CaseOnePresenter.swift; sourceTree = "<group>"; };
		6B2D97862816CF430085F4F2 /* CaseOneDelegate.swift */ = {isa = PBXFileReference; lastKnownFileType = sourcecode.swift; path = CaseOneDelegate.swift; sourceTree = "<group>"; };
		6B2D97882816CF500085F4F2 /* CaseOneViewController.swift */ = {isa = PBXFileReference; lastKnownFileType = sourcecode.swift; path = CaseOneViewController.swift; sourceTree = "<group>"; };
		6B2D978E2816DACB0085F4F2 /* CaseTwoViewController.swift */ = {isa = PBXFileReference; lastKnownFileType = sourcecode.swift; path = CaseTwoViewController.swift; sourceTree = "<group>"; };
		6B2D97902816DB2D0085F4F2 /* CaseTwoPresenter.swift */ = {isa = PBXFileReference; lastKnownFileType = sourcecode.swift; path = CaseTwoPresenter.swift; sourceTree = "<group>"; };
		6B2D97932816E1570085F4F2 /* CaseThreeViewController.swift */ = {isa = PBXFileReference; lastKnownFileType = sourcecode.swift; path = CaseThreeViewController.swift; sourceTree = "<group>"; };
		6B2D97952816E1E90085F4F2 /* ImagePicker.swift */ = {isa = PBXFileReference; lastKnownFileType = sourcecode.swift; path = ImagePicker.swift; sourceTree = "<group>"; };
		6B2D97972816E9630085F4F2 /* README.md */ = {isa = PBXFileReference; lastKnownFileType = net.daringfireball.markdown; path = README.md; sourceTree = "<group>"; };
		6B2D979C2816E9E60085F4F2 /* RetainCyclesTests.xctest */ = {isa = PBXFileReference; explicitFileType = wrapper.cfbundle; includeInIndex = 0; path = RetainCyclesTests.xctest; sourceTree = BUILT_PRODUCTS_DIR; };
		6B2D979E2816E9E60085F4F2 /* RetainCyclesTests.swift */ = {isa = PBXFileReference; lastKnownFileType = sourcecode.swift; path = RetainCyclesTests.swift; sourceTree = "<group>"; };
/* End PBXFileReference section */

/* Begin PBXFrameworksBuildPhase section */
		6B2D97692816CE430085F4F2 /* Frameworks */ = {
			isa = PBXFrameworksBuildPhase;
			buildActionMask = 2147483647;
			files = (
			);
			runOnlyForDeploymentPostprocessing = 0;
		};
		6B2D97992816E9E60085F4F2 /* Frameworks */ = {
			isa = PBXFrameworksBuildPhase;
			buildActionMask = 2147483647;
			files = (
			);
			runOnlyForDeploymentPostprocessing = 0;
		};
/* End PBXFrameworksBuildPhase section */

/* Begin PBXGroup section */
		6B2D97632816CE430085F4F2 = {
			isa = PBXGroup;
			children = (
				6B2D97972816E9630085F4F2 /* README.md */,
				6B2D976E2816CE430085F4F2 /* RetainCycles */,
				6B2D979D2816E9E60085F4F2 /* RetainCyclesTests */,
				6B2D976D2816CE430085F4F2 /* Products */,
			);
			sourceTree = "<group>";
		};
		6B2D976D2816CE430085F4F2 /* Products */ = {
			isa = PBXGroup;
			children = (
				6B2D976C2816CE430085F4F2 /* RetainCycles.app */,
				6B2D979C2816E9E60085F4F2 /* RetainCyclesTests.xctest */,
			);
			name = Products;
			sourceTree = "<group>";
		};
		6B2D976E2816CE430085F4F2 /* RetainCycles */ = {
			isa = PBXGroup;
			children = (
				6B2D97922816E0470085F4F2 /* CaseThree - Delegates */,
				6B2D978D2816DAA40085F4F2 /* CaseTwo - Closures */,
				6B2D97832816CF220085F4F2 /* CaseOne - Hardest */,
				6B2D976F2816CE430085F4F2 /* AppDelegate.swift */,
				6B2D97712816CE430085F4F2 /* SceneDelegate.swift */,
				6B2D97732816CE430085F4F2 /* ViewController.swift */,
				6B2D97782816CE450085F4F2 /* Assets.xcassets */,
				6B2D977A2816CE450085F4F2 /* LaunchScreen.storyboard */,
				6B2D977D2816CE450085F4F2 /* Info.plist */,
			);
			path = RetainCycles;
			sourceTree = "<group>";
		};
		6B2D97832816CF220085F4F2 /* CaseOne - Hardest */ = {
			isa = PBXGroup;
			children = (
				6B2D97842816CF3A0085F4F2 /* CaseOnePresenter.swift */,
				6B2D97862816CF430085F4F2 /* CaseOneDelegate.swift */,
				6B2D97882816CF500085F4F2 /* CaseOneViewController.swift */,
			);
			path = "CaseOne - Hardest";
			sourceTree = "<group>";
		};
		6B2D978D2816DAA40085F4F2 /* CaseTwo - Closures */ = {
			isa = PBXGroup;
			children = (
				6B2D978E2816DACB0085F4F2 /* CaseTwoViewController.swift */,
				6B2D97902816DB2D0085F4F2 /* CaseTwoPresenter.swift */,
			);
			path = "CaseTwo - Closures";
			sourceTree = "<group>";
		};
		6B2D97922816E0470085F4F2 /* CaseThree - Delegates */ = {
			isa = PBXGroup;
			children = (
				6B2D97932816E1570085F4F2 /* CaseThreeViewController.swift */,
				6B2D97952816E1E90085F4F2 /* ImagePicker.swift */,
			);
			path = "CaseThree - Delegates";
			sourceTree = "<group>";
		};
		6B2D979D2816E9E60085F4F2 /* RetainCyclesTests */ = {
			isa = PBXGroup;
			children = (
				6B2D979E2816E9E60085F4F2 /* RetainCyclesTests.swift */,
			);
			path = RetainCyclesTests;
			sourceTree = "<group>";
		};
/* End PBXGroup section */

/* Begin PBXNativeTarget section */
		6B2D976B2816CE430085F4F2 /* RetainCycles */ = {
			isa = PBXNativeTarget;
			buildConfigurationList = 6B2D97802816CE450085F4F2 /* Build configuration list for PBXNativeTarget "RetainCycles" */;
			buildPhases = (
				6B2D97682816CE430085F4F2 /* Sources */,
				6B2D97692816CE430085F4F2 /* Frameworks */,
				6B2D976A2816CE430085F4F2 /* Resources */,
			);
			buildRules = (
			);
			dependencies = (
			);
			name = RetainCycles;
			productName = RetainCycles;
			productReference = 6B2D976C2816CE430085F4F2 /* RetainCycles.app */;
			productType = "com.apple.product-type.application";
		};
		6B2D979B2816E9E60085F4F2 /* RetainCyclesTests */ = {
			isa = PBXNativeTarget;
			buildConfigurationList = 6B2D97A22816E9E60085F4F2 /* Build configuration list for PBXNativeTarget "RetainCyclesTests" */;
			buildPhases = (
				6B2D97982816E9E60085F4F2 /* Sources */,
				6B2D97992816E9E60085F4F2 /* Frameworks */,
				6B2D979A2816E9E60085F4F2 /* Resources */,
			);
			buildRules = (
			);
			dependencies = (
				6B2D97A12816E9E60085F4F2 /* PBXTargetDependency */,
			);
			name = RetainCyclesTests;
			productName = RetainCyclesTests;
			productReference = 6B2D979C2816E9E60085F4F2 /* RetainCyclesTests.xctest */;
			productType = "com.apple.product-type.bundle.unit-test";
		};
/* End PBXNativeTarget section */

/* Begin PBXProject section */
		6B2D97642816CE430085F4F2 /* Project object */ = {
			isa = PBXProject;
			attributes = {
				BuildIndependentTargetsInParallel = 1;
				LastSwiftUpdateCheck = 1330;
				LastUpgradeCheck = 1330;
				TargetAttributes = {
					6B2D976B2816CE430085F4F2 = {
						CreatedOnToolsVersion = 13.3;
					};
					6B2D979B2816E9E60085F4F2 = {
						CreatedOnToolsVersion = 13.3;
						TestTargetID = 6B2D976B2816CE430085F4F2;
					};
				};
			};
			buildConfigurationList = 6B2D97672816CE430085F4F2 /* Build configuration list for PBXProject "RetainCycles" */;
			compatibilityVersion = "Xcode 13.0";
			developmentRegion = en;
			hasScannedForEncodings = 0;
			knownRegions = (
				en,
				Base,
			);
			mainGroup = 6B2D97632816CE430085F4F2;
			productRefGroup = 6B2D976D2816CE430085F4F2 /* Products */;
			projectDirPath = "";
			projectRoot = "";
			targets = (
				6B2D976B2816CE430085F4F2 /* RetainCycles */,
				6B2D979B2816E9E60085F4F2 /* RetainCyclesTests */,
			);
		};
/* End PBXProject section */

/* Begin PBXResourcesBuildPhase section */
		6B2D976A2816CE430085F4F2 /* Resources */ = {
			isa = PBXResourcesBuildPhase;
			buildActionMask = 2147483647;
			files = (
				6B2D977C2816CE450085F4F2 /* LaunchScreen.storyboard in Resources */,
				6B2D97792816CE450085F4F2 /* Assets.xcassets in Resources */,
			);
			runOnlyForDeploymentPostprocessing = 0;
		};
		6B2D979A2816E9E60085F4F2 /* Resources */ = {
			isa = PBXResourcesBuildPhase;
			buildActionMask = 2147483647;
			files = (
			);
			runOnlyForDeploymentPostprocessing = 0;
		};
/* End PBXResourcesBuildPhase section */

/* Begin PBXSourcesBuildPhase section */
		6B2D97682816CE430085F4F2 /* Sources */ = {
			isa = PBXSourcesBuildPhase;
			buildActionMask = 2147483647;
			files = (
				6B2D97742816CE430085F4F2 /* ViewController.swift in Sources */,
				6B2D97702816CE430085F4F2 /* AppDelegate.swift in Sources */,
				6B2D97872816CF430085F4F2 /* CaseOneDelegate.swift in Sources */,
				6B2D97722816CE430085F4F2 /* SceneDelegate.swift in Sources */,
				6B2D97852816CF3A0085F4F2 /* CaseOnePresenter.swift in Sources */,
				6B2D97942816E1570085F4F2 /* CaseThreeViewController.swift in Sources */,
				6B2D978F2816DACB0085F4F2 /* CaseTwoViewController.swift in Sources */,
				6B2D97962816E1E90085F4F2 /* ImagePicker.swift in Sources */,
				6B2D97892816CF500085F4F2 /* CaseOneViewController.swift in Sources */,
				6B2D97912816DB2D0085F4F2 /* CaseTwoPresenter.swift in Sources */,
			);
			runOnlyForDeploymentPostprocessing = 0;
		};
		6B2D97982816E9E60085F4F2 /* Sources */ = {
			isa = PBXSourcesBuildPhase;
			buildActionMask = 2147483647;
			files = (
				6B2D979F2816E9E60085F4F2 /* RetainCyclesTests.swift in Sources */,
			);
			runOnlyForDeploymentPostprocessing = 0;
		};
/* End PBXSourcesBuildPhase section */

/* Begin PBXTargetDependency section */
		6B2D97A12816E9E60085F4F2 /* PBXTargetDependency */ = {
			isa = PBXTargetDependency;
			target = 6B2D976B2816CE430085F4F2 /* RetainCycles */;
			targetProxy = 6B2D97A02816E9E60085F4F2 /* PBXContainerItemProxy */;
		};
/* End PBXTargetDependency section */

/* Begin PBXVariantGroup section */
		6B2D977A2816CE450085F4F2 /* LaunchScreen.storyboard */ = {
			isa = PBXVariantGroup;
			children = (
				6B2D977B2816CE450085F4F2 /* Base */,
			);
			name = LaunchScreen.storyboard;
			sourceTree = "<group>";
		};
/* End PBXVariantGroup section */

/* Begin XCBuildConfiguration section */
		6B2D977E2816CE450085F4F2 /* Debug */ = {
			isa = XCBuildConfiguration;
			buildSettings = {
				ALWAYS_SEARCH_USER_PATHS = NO;
				CLANG_ANALYZER_NONNULL = YES;
				CLANG_ANALYZER_NUMBER_OBJECT_CONVERSION = YES_AGGRESSIVE;
				CLANG_CXX_LANGUAGE_STANDARD = "gnu++17";
				CLANG_ENABLE_MODULES = YES;
				CLANG_ENABLE_OBJC_ARC = YES;
				CLANG_ENABLE_OBJC_WEAK = YES;
				CLANG_WARN_BLOCK_CAPTURE_AUTORELEASING = YES;
				CLANG_WARN_BOOL_CONVERSION = YES;
				CLANG_WARN_COMMA = YES;
				CLANG_WARN_CONSTANT_CONVERSION = YES;
				CLANG_WARN_DEPRECATED_OBJC_IMPLEMENTATIONS = YES;
				CLANG_WARN_DIRECT_OBJC_ISA_USAGE = YES_ERROR;
				CLANG_WARN_DOCUMENTATION_COMMENTS = YES;
				CLANG_WARN_EMPTY_BODY = YES;
				CLANG_WARN_ENUM_CONVERSION = YES;
				CLANG_WARN_INFINITE_RECURSION = YES;
				CLANG_WARN_INT_CONVERSION = YES;
				CLANG_WARN_NON_LITERAL_NULL_CONVERSION = YES;
				CLANG_WARN_OBJC_IMPLICIT_RETAIN_SELF = YES;
				CLANG_WARN_OBJC_LITERAL_CONVERSION = YES;
				CLANG_WARN_OBJC_ROOT_CLASS = YES_ERROR;
				CLANG_WARN_QUOTED_INCLUDE_IN_FRAMEWORK_HEADER = YES;
				CLANG_WARN_RANGE_LOOP_ANALYSIS = YES;
				CLANG_WARN_STRICT_PROTOTYPES = YES;
				CLANG_WARN_SUSPICIOUS_MOVE = YES;
				CLANG_WARN_UNGUARDED_AVAILABILITY = YES_AGGRESSIVE;
				CLANG_WARN_UNREACHABLE_CODE = YES;
				CLANG_WARN__DUPLICATE_METHOD_MATCH = YES;
				COPY_PHASE_STRIP = NO;
				DEBUG_INFORMATION_FORMAT = dwarf;
				ENABLE_STRICT_OBJC_MSGSEND = YES;
				ENABLE_TESTABILITY = YES;
				GCC_C_LANGUAGE_STANDARD = gnu11;
				GCC_DYNAMIC_NO_PIC = NO;
				GCC_NO_COMMON_BLOCKS = YES;
				GCC_OPTIMIZATION_LEVEL = 0;
				GCC_PREPROCESSOR_DEFINITIONS = (
					"DEBUG=1",
					"$(inherited)",
				);
				GCC_WARN_64_TO_32_BIT_CONVERSION = YES;
				GCC_WARN_ABOUT_RETURN_TYPE = YES_ERROR;
				GCC_WARN_UNDECLARED_SELECTOR = YES;
				GCC_WARN_UNINITIALIZED_AUTOS = YES_AGGRESSIVE;
				GCC_WARN_UNUSED_FUNCTION = YES;
				GCC_WARN_UNUSED_VARIABLE = YES;
				IPHONEOS_DEPLOYMENT_TARGET = 15.4;
				MTL_ENABLE_DEBUG_INFO = INCLUDE_SOURCE;
				MTL_FAST_MATH = YES;
				ONLY_ACTIVE_ARCH = YES;
				SDKROOT = iphoneos;
				SWIFT_ACTIVE_COMPILATION_CONDITIONS = DEBUG;
				SWIFT_OPTIMIZATION_LEVEL = "-Onone";
			};
			name = Debug;
		};
		6B2D977F2816CE450085F4F2 /* Release */ = {
			isa = XCBuildConfiguration;
			buildSettings = {
				ALWAYS_SEARCH_USER_PATHS = NO;
				CLANG_ANALYZER_NONNULL = YES;
				CLANG_ANALYZER_NUMBER_OBJECT_CONVERSION = YES_AGGRESSIVE;
				CLANG_CXX_LANGUAGE_STANDARD = "gnu++17";
				CLANG_ENABLE_MODULES = YES;
				CLANG_ENABLE_OBJC_ARC = YES;
				CLANG_ENABLE_OBJC_WEAK = YES;
				CLANG_WARN_BLOCK_CAPTURE_AUTORELEASING = YES;
				CLANG_WARN_BOOL_CONVERSION = YES;
				CLANG_WARN_COMMA = YES;
				CLANG_WARN_CONSTANT_CONVERSION = YES;
				CLANG_WARN_DEPRECATED_OBJC_IMPLEMENTATIONS = YES;
				CLANG_WARN_DIRECT_OBJC_ISA_USAGE = YES_ERROR;
				CLANG_WARN_DOCUMENTATION_COMMENTS = YES;
				CLANG_WARN_EMPTY_BODY = YES;
				CLANG_WARN_ENUM_CONVERSION = YES;
				CLANG_WARN_INFINITE_RECURSION = YES;
				CLANG_WARN_INT_CONVERSION = YES;
				CLANG_WARN_NON_LITERAL_NULL_CONVERSION = YES;
				CLANG_WARN_OBJC_IMPLICIT_RETAIN_SELF = YES;
				CLANG_WARN_OBJC_LITERAL_CONVERSION = YES;
				CLANG_WARN_OBJC_ROOT_CLASS = YES_ERROR;
				CLANG_WARN_QUOTED_INCLUDE_IN_FRAMEWORK_HEADER = YES;
				CLANG_WARN_RANGE_LOOP_ANALYSIS = YES;
				CLANG_WARN_STRICT_PROTOTYPES = YES;
				CLANG_WARN_SUSPICIOUS_MOVE = YES;
				CLANG_WARN_UNGUARDED_AVAILABILITY = YES_AGGRESSIVE;
				CLANG_WARN_UNREACHABLE_CODE = YES;
				CLANG_WARN__DUPLICATE_METHOD_MATCH = YES;
				COPY_PHASE_STRIP = NO;
				DEBUG_INFORMATION_FORMAT = "dwarf-with-dsym";
				ENABLE_NS_ASSERTIONS = NO;
				ENABLE_STRICT_OBJC_MSGSEND = YES;
				GCC_C_LANGUAGE_STANDARD = gnu11;
				GCC_NO_COMMON_BLOCKS = YES;
				GCC_WARN_64_TO_32_BIT_CONVERSION = YES;
				GCC_WARN_ABOUT_RETURN_TYPE = YES_ERROR;
				GCC_WARN_UNDECLARED_SELECTOR = YES;
				GCC_WARN_UNINITIALIZED_AUTOS = YES_AGGRESSIVE;
				GCC_WARN_UNUSED_FUNCTION = YES;
				GCC_WARN_UNUSED_VARIABLE = YES;
				IPHONEOS_DEPLOYMENT_TARGET = 15.4;
				MTL_ENABLE_DEBUG_INFO = NO;
				MTL_FAST_MATH = YES;
				SDKROOT = iphoneos;
				SWIFT_COMPILATION_MODE = wholemodule;
				SWIFT_OPTIMIZATION_LEVEL = "-O";
				VALIDATE_PRODUCT = YES;
			};
			name = Release;
		};
		6B2D97812816CE450085F4F2 /* Debug */ = {
			isa = XCBuildConfiguration;
			buildSettings = {
				ASSETCATALOG_COMPILER_APPICON_NAME = AppIcon;
				ASSETCATALOG_COMPILER_GLOBAL_ACCENT_COLOR_NAME = AccentColor;
				CODE_SIGN_STYLE = Automatic;
				CURRENT_PROJECT_VERSION = 1;
				DEVELOPMENT_TEAM = 6JT3Q8XY5T;
				GENERATE_INFOPLIST_FILE = YES;
				INFOPLIST_FILE = RetainCycles/Info.plist;
				INFOPLIST_KEY_UIApplicationSupportsIndirectInputEvents = YES;
				INFOPLIST_KEY_UILaunchStoryboardName = LaunchScreen;
				INFOPLIST_KEY_UISupportedInterfaceOrientations = UIInterfaceOrientationPortrait;
				INFOPLIST_KEY_UISupportedInterfaceOrientations_iPad = "UIInterfaceOrientationPortrait UIInterfaceOrientationPortraitUpsideDown UIInterfaceOrientationLandscapeLeft UIInterfaceOrientationLandscapeRight";
				INFOPLIST_KEY_UISupportedInterfaceOrientations_iPhone = "UIInterfaceOrientationPortrait UIInterfaceOrientationLandscapeLeft UIInterfaceOrientationLandscapeRight";
				IPHONEOS_DEPLOYMENT_TARGET = 15.0;
				LD_RUNPATH_SEARCH_PATHS = (
					"$(inherited)",
					"@executable_path/Frameworks",
				);
				MARKETING_VERSION = 1.0;
				PRODUCT_BUNDLE_IDENTIFIER = dev.polpiella.RetainCycles;
				PRODUCT_NAME = "$(TARGET_NAME)";
				SWIFT_EMIT_LOC_STRINGS = YES;
				SWIFT_VERSION = 5.0;
				TARGETED_DEVICE_FAMILY = "1,2";
			};
			name = Debug;
		};
		6B2D97822816CE450085F4F2 /* Release */ = {
			isa = XCBuildConfiguration;
			buildSettings = {
				ASSETCATALOG_COMPILER_APPICON_NAME = AppIcon;
				ASSETCATALOG_COMPILER_GLOBAL_ACCENT_COLOR_NAME = AccentColor;
				CODE_SIGN_STYLE = Automatic;
				CURRENT_PROJECT_VERSION = 1;
				DEVELOPMENT_TEAM = 6JT3Q8XY5T;
				GENERATE_INFOPLIST_FILE = YES;
				INFOPLIST_FILE = RetainCycles/Info.plist;
				INFOPLIST_KEY_UIApplicationSupportsIndirectInputEvents = YES;
				INFOPLIST_KEY_UILaunchStoryboardName = LaunchScreen;
				INFOPLIST_KEY_UISupportedInterfaceOrientations = UIInterfaceOrientationPortrait;
				INFOPLIST_KEY_UISupportedInterfaceOrientations_iPad = "UIInterfaceOrientationPortrait UIInterfaceOrientationPortraitUpsideDown UIInterfaceOrientationLandscapeLeft UIInterfaceOrientationLandscapeRight";
				INFOPLIST_KEY_UISupportedInterfaceOrientations_iPhone = "UIInterfaceOrientationPortrait UIInterfaceOrientationLandscapeLeft UIInterfaceOrientationLandscapeRight";
				IPHONEOS_DEPLOYMENT_TARGET = 15.0;
				LD_RUNPATH_SEARCH_PATHS = (
					"$(inherited)",
					"@executable_path/Frameworks",
				);
				MARKETING_VERSION = 1.0;
				PRODUCT_BUNDLE_IDENTIFIER = dev.polpiella.RetainCycles;
				PRODUCT_NAME = "$(TARGET_NAME)";
				SWIFT_EMIT_LOC_STRINGS = YES;
				SWIFT_VERSION = 5.0;
				TARGETED_DEVICE_FAMILY = "1,2";
			};
			name = Release;
		};
		6B2D97A32816E9E60085F4F2 /* Debug */ = {
			isa = XCBuildConfiguration;
			buildSettings = {
				BUNDLE_LOADER = "$(TEST_HOST)";
				CODE_SIGN_STYLE = Automatic;
				CURRENT_PROJECT_VERSION = 1;
				DEVELOPMENT_TEAM = 6JT3Q8XY5T;
				GENERATE_INFOPLIST_FILE = YES;
				MARKETING_VERSION = 1.0;
				PRODUCT_BUNDLE_IDENTIFIER = dev.polpiella.RetainCyclesTests;
				PRODUCT_NAME = "$(TARGET_NAME)";
				SWIFT_EMIT_LOC_STRINGS = NO;
				SWIFT_VERSION = 5.0;
				TARGETED_DEVICE_FAMILY = "1,2";
				TEST_HOST = "$(BUILT_PRODUCTS_DIR)/RetainCycles.app/RetainCycles";
			};
			name = Debug;
		};
		6B2D97A42816E9E60085F4F2 /* Release */ = {
			isa = XCBuildConfiguration;
			buildSettings = {
				BUNDLE_LOADER = "$(TEST_HOST)";
				CODE_SIGN_STYLE = Automatic;
				CURRENT_PROJECT_VERSION = 1;
				DEVELOPMENT_TEAM = 6JT3Q8XY5T;
				GENERATE_INFOPLIST_FILE = YES;
				MARKETING_VERSION = 1.0;
				PRODUCT_BUNDLE_IDENTIFIER = dev.polpiella.RetainCyclesTests;
				PRODUCT_NAME = "$(TARGET_NAME)";
				SWIFT_EMIT_LOC_STRINGS = NO;
				SWIFT_VERSION = 5.0;
				TARGETED_DEVICE_FAMILY = "1,2";
				TEST_HOST = "$(BUILT_PRODUCTS_DIR)/RetainCycles.app/RetainCycles";
			};
			name = Release;
		};
/* End XCBuildConfiguration section */

/* Begin XCConfigurationList section */
		6B2D97672816CE430085F4F2 /* Build configuration list for PBXProject "RetainCycles" */ = {
			isa = XCConfigurationList;
			buildConfigurations = (
				6B2D977E2816CE450085F4F2 /* Debug */,
				6B2D977F2816CE450085F4F2 /* Release */,
			);
			defaultConfigurationIsVisible = 0;
			defaultConfigurationName = Release;
		};
		6B2D97802816CE450085F4F2 /* Build configuration list for PBXNativeTarget "RetainCycles" */ = {
			isa = XCConfigurationList;
			buildConfigurations = (
				6B2D97812816CE450085F4F2 /* Debug */,
				6B2D97822816CE450085F4F2 /* Release */,
			);
			defaultConfigurationIsVisible = 0;
			defaultConfigurationName = Release;
		};
		6B2D97A22816E9E60085F4F2 /* Build configuration list for PBXNativeTarget "RetainCyclesTests" */ = {
			isa = XCConfigurationList;
			buildConfigurations = (
				6B2D97A32816E9E60085F4F2 /* Debug */,
				6B2D97A42816E9E60085F4F2 /* Release */,
			);
			defaultConfigurationIsVisible = 0;
			defaultConfigurationName = Release;
		};
/* End XCConfigurationList section */
	};
	rootObject = 6B2D97642816CE430085F4F2 /* Project object */;
}
